
Microsoft Visual Studio Solution File, Format Version 12.00
# Visual Studio Version 17
VisualStudioVersion = 17.6.33829.357
MinimumVisualStudioVersion = 10.0.40219.1
Project("{FAE04EC0-301F-11D3-BF4B-00C04F79EFBC}") = "AppMVC", "AppMVC.csproj", "{F8A8B851-69D3-4B36-9A8F-66A9F240839A}"
EndProject
Global
	GlobalSection(SolutionConfigurationPlatforms) = preSolution
		Debug|Any CPU = Debug|Any CPU
		Release|Any CPU = Release|Any CPU
	EndGlobalSection
	GlobalSection(ProjectConfigurationPlatforms) = postSolution
		{F8A8B851-69D3-4B36-9A8F-66A9F240839A}.Debug|Any CPU.ActiveCfg = Debug|Any CPU
		{F8A8B851-69D3-4B36-9A8F-66A9F240839A}.Debug|Any CPU.Build.0 = Debug|Any CPU
		{F8A8B851-69D3-4B36-9A8F-66A9F240839A}.Release|Any CPU.ActiveCfg = Release|Any CPU
		{F8A8B851-69D3-4B36-9A8F-66A9F240839A}.Release|Any CPU.Build.0 = Release|Any CPU
	EndGlobalSection
	GlobalSection(SolutionProperties) = preSolution
		HideSolutionNode = FALSE
	EndGlobalSection
	GlobalSection(ExtensibilityGlobals) = postSolution
		SolutionGuid = {85F43750-CE2B-451B-B65F-C68FB3DC3066}
	EndGlobalSection
EndGlobal
